{
  "name": "aqi-info",
  "version": "1.0.0",
  "lockfileVersion": 2,
  "requires": true,
  "packages": {
    "": {
      "name": "aqi-info",
      "version": "1.0.0",
      "license": "ISC",
      "dependencies": {
        "wx-miniprogram-modal": "^1.0.9"
      }
    },
    "node_modules/wx-miniprogram-modal": {
      "version": "1.0.9",
      "resolved": "https://registry.npmjs.org/wx-miniprogram-modal/-/wx-miniprogram-modal-1.0.9.tgz",
      "integrity": "sha512-cDH6XONke80gpB4szLYpbc43JV2jrHnvv+2mBjW9for/xPSa6XYYoQJSnM6U29lkTdEDg787dS67YRZzDU/zGg=="
    }
  },
  "dependencies": {
    "wx-miniprogram-modal": {
      "version": "1.0.9",
      "resolved": "https://registry.npmjs.org/wx-miniprogram-modal/-/wx-miniprogram-modal-1.0.9.tgz",
      "integrity": "sha512-cDH6XONke80gpB4szLYpbc43JV2jrHnvv+2mBjW9for/xPSa6XYYoQJSnM6U29lkTdEDg787dS67YRZzDU/zGg=="
    }
  }
}
